
Microsoft Visual Studio Solution File, Format Version 12.00
# Visual Studio Version 17
VisualStudioVersion = 17.7.34031.279
MinimumVisualStudioVersion = 10.0.40219.1
Project("{FAE04EC0-301F-11D3-BF4B-00C04F79EFBC}") = "MagdalagaLowLevelGraphicsAnimation", "MagdalagaLowLevelGraphicsAnimation\MagdalagaLowLevelGraphicsAnimation.csproj", "{58D1C697-8E2B-477A-9B8E-896380DA5E7B}"
EndProject
Global
	GlobalSection(SolutionConfigurationPlatforms) = preSolution
		Debug|Any CPU = Debug|Any CPU
		Release|Any CPU = Release|Any CPU
	EndGlobalSection
	GlobalSection(ProjectConfigurationPlatforms) = postSolution
		{58D1C697-8E2B-477A-9B8E-896380DA5E7B}.Debug|Any CPU.ActiveCfg = Debug|Any CPU
		{58D1C697-8E2B-477A-9B8E-896380DA5E7B}.Debug|Any CPU.Build.0 = Debug|Any CPU
		{58D1C697-8E2B-477A-9B8E-896380DA5E7B}.Release|Any CPU.ActiveCfg = Release|Any CPU
		{58D1C697-8E2B-477A-9B8E-896380DA5E7B}.Release|Any CPU.Build.0 = Release|Any CPU
	EndGlobalSection
	GlobalSection(SolutionProperties) = preSolution
		HideSolutionNode = FALSE
	EndGlobalSection
	GlobalSection(ExtensibilityGlobals) = postSolution
		SolutionGuid = {FACA70C8-6674-4265-8C22-6F96CC4E96C7}
	EndGlobalSection
EndGlobal
